// !$*UTF8*$!
{
	archiveVersion = 1;
	classes = {
	};
	objectVersion = 46;
	objects = {

/* Begin PBXBuildFile section */
		248E5FF74071CC83CE2E5AC6 /* Pods_IntegrationWithExistingApps.framework in Frameworks */ = {isa = PBXBuildFile; fileRef = 4FB91A3038340D7B98327951 /* Pods_IntegrationWithExistingApps.framework */; };
		506A7B8B1E1E18AE00C5A67D /* AppDelegate.swift in Sources */ = {isa = PBXBuildFile; fileRef = 506A7B8A1E1E18AE00C5A67D /* AppDelegate.swift */; };
		506A7B8D1E1E18AE00C5A67D /* ViewController.swift in Sources */ = {isa = PBXBuildFile; fileRef = 506A7B8C1E1E18AE00C5A67D /* ViewController.swift */; };
		506A7B901E1E18AE00C5A67D /* Main.storyboard in Resources */ = {isa = PBXBuildFile; fileRef = 506A7B8E1E1E18AE00C5A67D /* Main.storyboard */; };
		506A7B921E1E18AE00C5A67D /* Assets.xcassets in Resources */ = {isa = PBXBuildFile; fileRef = 506A7B911E1E18AE00C5A67D /* Assets.xcassets */; };
		506A7B951E1E18AE00C5A67D /* LaunchScreen.storyboard in Resources */ = {isa = PBXBuildFile; fileRef = 506A7B931E1E18AE00C5A67D /* LaunchScreen.storyboard */; };
		506A7B9D1E1E297000C5A67D /* CalendarManager.swift in Sources */ = {isa = PBXBuildFile; fileRef = 506A7B9C1E1E297000C5A67D /* CalendarManager.swift */; };
		506A7BA11E1E2C7100C5A67D /* CalendarManagerExport.m in Sources */ = {isa = PBXBuildFile; fileRef = 506A7BA01E1E2C7100C5A67D /* CalendarManagerExport.m */; };
/* End PBXBuildFile section */

/* Begin PBXFileReference section */
		4FB91A3038340D7B98327951 /* Pods_IntegrationWithExistingApps.framework */ = {isa = PBXFileReference; explicitFileType = wrapper.framework; includeInIndex = 0; path = Pods_IntegrationWithExistingApps.framework; sourceTree = BUILT_PRODUCTS_DIR; };
		506A7B871E1E18AE00C5A67D /* IntegrationWithExistingApps.app */ = {isa = PBXFileReference; explicitFileType = wrapper.application; includeInIndex = 0; path = IntegrationWithExistingApps.app; sourceTree = BUILT_PRODUCTS_DIR; };
		506A7B8A1E1E18AE00C5A67D /* AppDelegate.swift */ = {isa = PBXFileReference; lastKnownFileType = sourcecode.swift; path = AppDelegate.swift; sourceTree = "<group>"; };
		506A7B8C1E1E18AE00C5A67D /* ViewController.swift */ = {isa = PBXFileReference; lastKnownFileType = sourcecode.swift; path = ViewController.swift; sourceTree = "<group>"; };
		506A7B8F1E1E18AE00C5A67D /* Base */ = {isa = PBXFileReference; lastKnownFileType = file.storyboard; name = Base; path = Base.lproj/Main.storyboard; sourceTree = "<group>"; };
		506A7B911E1E18AE00C5A67D /* Assets.xcassets */ = {isa = PBXFileReference; lastKnownFileType = folder.assetcatalog; path = Assets.xcassets; sourceTree = "<group>"; };
		506A7B941E1E18AE00C5A67D /* Base */ = {isa = PBXFileReference; lastKnownFileType = file.storyboard; name = Base; path = Base.lproj/LaunchScreen.storyboard; sourceTree = "<group>"; };
		506A7B961E1E18AE00C5A67D /* Info.plist */ = {isa = PBXFileReference; lastKnownFileType = text.plist.xml; path = Info.plist; sourceTree = "<group>"; };
		506A7B9C1E1E297000C5A67D /* CalendarManager.swift */ = {isa = PBXFileReference; fileEncoding = 4; lastKnownFileType = sourcecode.swift; path = CalendarManager.swift; sourceTree = "<group>"; };
		506A7B9F1E1E2C7100C5A67D /* IntegrationWithExistingApps-Bridging-Header.h */ = {isa = PBXFileReference; lastKnownFileType = sourcecode.c.h; path = "IntegrationWithExistingApps-Bridging-Header.h"; sourceTree = "<group>"; };
		506A7BA01E1E2C7100C5A67D /* CalendarManagerExport.m */ = {isa = PBXFileReference; fileEncoding = 4; lastKnownFileType = sourcecode.c.objc; path = CalendarManagerExport.m; sourceTree = "<group>"; };
		BB42B1BB2A98A967C3DBD6E1 /* Pods-IntegrationWithExistingApps.debug.xcconfig */ = {isa = PBXFileReference; includeInIndex = 1; lastKnownFileType = text.xcconfig; name = "Pods-IntegrationWithExistingApps.debug.xcconfig"; path = "Pods/Target Support Files/Pods-IntegrationWithExistingApps/Pods-IntegrationWithExistingApps.debug.xcconfig"; sourceTree = "<group>"; };
		DE3B37C5547D218FF56A4966 /* Pods-IntegrationWithExistingApps.release.xcconfig */ = {isa = PBXFileReference; includeInIndex = 1; lastKnownFileType = text.xcconfig; name = "Pods-IntegrationWithExistingApps.release.xcconfig"; path = "Pods/Target Support Files/Pods-IntegrationWithExistingApps/Pods-IntegrationWithExistingApps.release.xcconfig"; sourceTree = "<group>"; };
/* End PBXFileReference section */

/* Begin PBXFrameworksBuildPhase section */
		506A7B841E1E18AE00C5A67D /* Frameworks */ = {
			isa = PBXFrameworksBuildPhase;
			buildActionMask = 2147483647;
			files = (
				248E5FF74071CC83CE2E5AC6 /* Pods_IntegrationWithExistingApps.framework in Frameworks */,
			);
			runOnlyForDeploymentPostprocessing = 0;
		};
/* End PBXFrameworksBuildPhase section */

/* Begin PBXGroup section */
		22B85E0BFB8F780C20564F41 /* Pods */ = {
			isa = PBXGroup;
			children = (
				BB42B1BB2A98A967C3DBD6E1 /* Pods-IntegrationWithExistingApps.debug.xcconfig */,
				DE3B37C5547D218FF56A4966 /* Pods-IntegrationWithExistingApps.release.xcconfig */,
			);
			name = Pods;
			sourceTree = "<group>";
		};
		506A7B7E1E1E18AE00C5A67D = {
			isa = PBXGroup;
			children = (
				506A7B891E1E18AE00C5A67D /* IntegrationWithExistingApps */,
				506A7B881E1E18AE00C5A67D /* Products */,
				22B85E0BFB8F780C20564F41 /* Pods */,
				B7E600F7C82DFD9700DF30C8 /* Frameworks */,
			);
			sourceTree = "<group>";
		};
		506A7B881E1E18AE00C5A67D /* Products */ = {
			isa = PBXGroup;
			children = (
				506A7B871E1E18AE00C5A67D /* IntegrationWithExistingApps.app */,
			);
			name = Products;
			sourceTree = "<group>";
		};
		506A7B891E1E18AE00C5A67D /* IntegrationWithExistingApps */ = {
			isa = PBXGroup;
			children = (
				506A7B8A1E1E18AE00C5A67D /* AppDelegate.swift */,
				506A7B8C1E1E18AE00C5A67D /* ViewController.swift */,
				506A7B8E1E1E18AE00C5A67D /* Main.storyboard */,
				506A7B911E1E18AE00C5A67D /* Assets.xcassets */,
				506A7B931E1E18AE00C5A67D /* LaunchScreen.storyboard */,
				506A7B961E1E18AE00C5A67D /* Info.plist */,
				506A7B9E1E1E2C0700C5A67D /* module */,
			);
			path = IntegrationWithExistingApps;
			sourceTree = "<group>";
		};
		506A7B9E1E1E2C0700C5A67D /* module */ = {
			isa = PBXGroup;
			children = (
				506A7B9C1E1E297000C5A67D /* CalendarManager.swift */,
				506A7BA01E1E2C7100C5A67D /* CalendarManagerExport.m */,
				506A7B9F1E1E2C7100C5A67D /* IntegrationWithExistingApps-Bridging-Header.h */,
			);
			name = module;
			sourceTree = "<group>";
		};
		B7E600F7C82DFD9700DF30C8 /* Frameworks */ = {
			isa = PBXGroup;
			children = (
				4FB91A3038340D7B98327951 /* Pods_IntegrationWithExistingApps.framework */,
			);
			name = Frameworks;
			sourceTree = "<group>";
		};
/* End PBXGroup section */

/* Begin PBXNativeTarget section */
		506A7B861E1E18AE00C5A67D /* IntegrationWithExistingApps */ = {
			isa = PBXNativeTarget;
			buildConfigurationList = 506A7B991E1E18AE00C5A67D /* Build configuration list for PBXNativeTarget "IntegrationWithExistingApps" */;
			buildPhases = (
				61BB5307853639620E567618 /* [CP] Check Pods Manifest.lock */,
				506A7B831E1E18AE00C5A67D /* Sources */,
				506A7B841E1E18AE00C5A67D /* Frameworks */,
				506A7B851E1E18AE00C5A67D /* Resources */,
				B603F25DBB8B9AA534680057 /* [CP] Embed Pods Frameworks */,
				AA91C660D9BB84A460870D7F /* [CP] Copy Pods Resources */,
			);
			buildRules = (
			);
			dependencies = (
			);
			name = IntegrationWithExistingApps;
			productName = IntegrationWithExistingApps;
			productReference = 506A7B871E1E18AE00C5A67D /* IntegrationWithExistingApps.app */;
			productType = "com.apple.product-type.application";
		};
/* End PBXNativeTarget section */

/* Begin PBXProject section */
		506A7B7F1E1E18AE00C5A67D /* Project object */ = {
			isa = PBXProject;
			attributes = {
				LastSwiftUpdateCheck = 0810;
				LastUpgradeCheck = 0810;
				ORGANIZATIONNAME = lyxia;
				TargetAttributes = {
					506A7B861E1E18AE00C5A67D = {
						CreatedOnToolsVersion = 8.1;
						DevelopmentTeam = 297S5J6Z2U;
						LastSwiftMigration = 0810;
						ProvisioningStyle = Automatic;
					};
				};
			};
			buildConfigurationList = 506A7B821E1E18AE00C5A67D /* Build configuration list for PBXProject "IntegrationWithExistingApps" */;
			compatibilityVersion = "Xcode 3.2";
			developmentRegion = English;
			hasScannedForEncodings = 0;
			knownRegions = (
				en,
				Base,
			);
			mainGroup = 506A7B7E1E1E18AE00C5A67D;
			productRefGroup = 506A7B881E1E18AE00C5A67D /* Products */;
			projectDirPath = "";
			projectRoot = "";
			targets = (
				506A7B861E1E18AE00C5A67D /* IntegrationWithExistingApps */,
			);
		};
/* End PBXProject section */

/* Begin PBXResourcesBuildPhase section */
		506A7B851E1E18AE00C5A67D /* Resources */ = {
			isa = PBXResourcesBuildPhase;
			buildActionMask = 2147483647;
			files = (
				506A7B951E1E18AE00C5A67D /* LaunchScreen.storyboard in Resources */,
				506A7B921E1E18AE00C5A67D /* Assets.xcassets in Resources */,
				506A7B901E1E18AE00C5A67D /* Main.storyboard in Resources */,
			);
			runOnlyForDeploymentPostprocessing = 0;
		};
/* End PBXResourcesBuildPhase section */

/* Begin PBXShellScriptBuildPhase section */
		61BB5307853639620E567618 /* [CP] Check Pods Manifest.lock */ = {
			isa = PBXShellScriptBuildPhase;
			buildActionMask = 2147483647;
			files = (
			);
			inputPaths = (
			);
			name = "[CP] Check Pods Manifest.lock";
			outputPaths = (
			);
			runOnlyForDeploymentPostprocessing = 0;
			shellPath = /bin/sh;
			shellScript = "diff \"${PODS_ROOT}/../Podfile.lock\" \"${PODS_ROOT}/Manifest.lock\" > /dev/null\nif [ $? != 0 ] ; then\n    # print error to STDERR\n    echo \"error: The sandbox is not in sync with the Podfile.lock. Run 'pod install' or update your CocoaPods installation.\" >&2\n    exit 1\nfi\n";
			showEnvVarsInLog = 0;
		};
		AA91C660D9BB84A460870D7F /* [CP] Copy Pods Resources */ = {
			isa = PBXShellScriptBuildPhase;
			buildActionMask = 2147483647;
			files = (
			);
			inputPaths = (
			);
			name = "[CP] Copy Pods Resources";
			outputPaths = (
			);
			runOnlyForDeploymentPostprocessing = 0;
			shellPath = /bin/sh;
			shellScript = "\"${SRCROOT}/Pods/Target Support Files/Pods-IntegrationWithExistingApps/Pods-IntegrationWithExistingApps-resources.sh\"\n";
			showEnvVarsInLog = 0;
		};
		B603F25DBB8B9AA534680057 /* [CP] Embed Pods Frameworks */ = {
			isa = PBXShellScriptBuildPhase;
			buildActionMask = 2147483647;
			files = (
			);
			inputPaths = (
			);
			name = "[CP] Embed Pods Frameworks";
			outputPaths = (
			);
			runOnlyForDeploymentPostprocessing = 0;
			shellPath = /bin/sh;
			shellScript = "\"${SRCROOT}/Pods/Target Support Files/Pods-IntegrationWithExistingApps/Pods-IntegrationWithExistingApps-frameworks.sh\"\n";
			showEnvVarsInLog = 0;
		};
/* End PBXShellScriptBuildPhase section */

/* Begin PBXSourcesBuildPhase section */
		506A7B831E1E18AE00C5A67D /* Sources */ = {
			isa = PBXSourcesBuildPhase;
			buildActionMask = 2147483647;
			files = (
				506A7B9D1E1E297000C5A67D /* CalendarManager.swift in Sources */,
				506A7BA11E1E2C7100C5A67D /* CalendarManagerExport.m in Sources */,
				506A7B8D1E1E18AE00C5A67D /* ViewController.swift in Sources */,
				506A7B8B1E1E18AE00C5A67D /* AppDelegate.swift in Sources */,
			);
			runOnlyForDeploymentPostprocessing = 0;
		};
/* End PBXSourcesBuildPhase section */

/* Begin PBXVariantGroup section */
		506A7B8E1E1E18AE00C5A67D /* Main.storyboard */ = {
			isa = PBXVariantGroup;
			children = (
				506A7B8F1E1E18AE00C5A67D /* Base */,
			);
			name = Main.storyboard;
			sourceTree = "<group>";
		};
		506A7B931E1E18AE00C5A67D /* LaunchScreen.storyboard */ = {
			isa = PBXVariantGroup;
			children = (
				506A7B941E1E18AE00C5A67D /* Base */,
			);
			name = LaunchScreen.storyboard;
			sourceTree = "<group>";
		};
/* End PBXVariantGroup section */

/* Begin XCBuildConfiguration section */
		506A7B971E1E18AE00C5A67D /* Debug */ = {
			isa = XCBuildConfiguration;
			buildSettings = {
				ALWAYS_SEARCH_USER_PATHS = NO;
				CLANG_ANALYZER_NONNULL = YES;
				CLANG_CXX_LANGUAGE_STANDARD = "gnu++0x";
				CLANG_CXX_LIBRARY = "libc++";
				CLANG_ENABLE_MODULES = YES;
				CLANG_ENABLE_OBJC_ARC = YES;
				CLANG_WARN_BOOL_CONVERSION = YES;
				CLANG_WARN_CONSTANT_CONVERSION = YES;
				CLANG_WARN_DIRECT_OBJC_ISA_USAGE = YES_ERROR;
				CLANG_WARN_DOCUMENTATION_COMMENTS = YES;
				CLANG_WARN_EMPTY_BODY = YES;
				CLANG_WARN_ENUM_CONVERSION = YES;
				CLANG_WARN_INFINITE_RECURSION = YES;
				CLANG_WARN_INT_CONVERSION = YES;
				CLANG_WARN_OBJC_ROOT_CLASS = YES_ERROR;
				CLANG_WARN_SUSPICIOUS_MOVE = YES;
				CLANG_WARN_SUSPICIOUS_MOVES = YES;
				CLANG_WARN_UNREACHABLE_CODE = YES;
				CLANG_WARN__DUPLICATE_METHOD_MATCH = YES;
				"CODE_SIGN_IDENTITY[sdk=iphoneos*]" = "iPhone Developer";
				COPY_PHASE_STRIP = NO;
				DEBUG_INFORMATION_FORMAT = dwarf;
				ENABLE_STRICT_OBJC_MSGSEND = YES;
				ENABLE_TESTABILITY = YES;
				GCC_C_LANGUAGE_STANDARD = gnu99;
				GCC_DYNAMIC_NO_PIC = NO;
				GCC_NO_COMMON_BLOCKS = YES;
				GCC_OPTIMIZATION_LEVEL = 0;
				GCC_PREPROCESSOR_DEFINITIONS = (
					"DEBUG=1",
					"$(inherited)",
				);
				GCC_WARN_64_TO_32_BIT_CONVERSION = YES;
				GCC_WARN_ABOUT_RETURN_TYPE = YES_ERROR;
				GCC_WARN_UNDECLARED_SELECTOR = YES;
				GCC_WARN_UNINITIALIZED_AUTOS = YES_AGGRESSIVE;
				GCC_WARN_UNUSED_FUNCTION = YES;
				GCC_WARN_UNUSED_VARIABLE = YES;
				IPHONEOS_DEPLOYMENT_TARGET = 10.1;
				MTL_ENABLE_DEBUG_INFO = YES;
				ONLY_ACTIVE_ARCH = YES;
				SDKROOT = iphoneos;
				SWIFT_ACTIVE_COMPILATION_CONDITIONS = DEBUG;
				SWIFT_OPTIMIZATION_LEVEL = "-Onone";
			};
			name = Debug;
		};
		506A7B981E1E18AE00C5A67D /* Release */ = {
			isa = XCBuildConfiguration;
			buildSettings = {
				ALWAYS_SEARCH_USER_PATHS = NO;
				CLANG_ANALYZER_NONNULL = YES;
				CLANG_CXX_LANGUAGE_STANDARD = "gnu++0x";
				CLANG_CXX_LIBRARY = "libc++";
				CLANG_ENABLE_MODULES = YES;
				CLANG_ENABLE_OBJC_ARC = YES;
				CLANG_WARN_BOOL_CONVERSION = YES;
				CLANG_WARN_CONSTANT_CONVERSION = YES;
				CLANG_WARN_DIRECT_OBJC_ISA_USAGE = YES_ERROR;
				CLANG_WARN_DOCUMENTATION_COMMENTS = YES;
				CLANG_WARN_EMPTY_BODY = YES;
				CLANG_WARN_ENUM_CONVERSION = YES;
				CLANG_WARN_INFINITE_RECURSION = YES;
				CLANG_WARN_INT_CONVERSION = YES;
				CLANG_WARN_OBJC_ROOT_CLASS = YES_ERROR;
				CLANG_WARN_SUSPICIOUS_MOVE = YES;
				CLANG_WARN_SUSPICIOUS_MOVES = YES;
				CLANG_WARN_UNREACHABLE_CODE = YES;
				CLANG_WARN__DUPLICATE_METHOD_MATCH = YES;
				"CODE_SIGN_IDENTITY[sdk=iphoneos*]" = "iPhone Developer";
				COPY_PHASE_STRIP = NO;
				DEBUG_INFORMATION_FORMAT = "dwarf-with-dsym";
				ENABLE_NS_ASSERTIONS = NO;
				ENABLE_STRICT_OBJC_MSGSEND = YES;
				GCC_C_LANGUAGE_STANDARD = gnu99;
				GCC_NO_COMMON_BLOCKS = YES;
				GCC_WARN_64_TO_32_BIT_CONVERSION = YES;
				GCC_WARN_ABOUT_RETURN_TYPE = YES_ERROR;
				GCC_WARN_UNDECLARED_SELECTOR = YES;
				GCC_WARN_UNINITIALIZED_AUTOS = YES_AGGRESSIVE;
				GCC_WARN_UNUSED_FUNCTION = YES;
				GCC_WARN_UNUSED_VARIABLE = YES;
				IPHONEOS_DEPLOYMENT_TARGET = 10.1;
				MTL_ENABLE_DEBUG_INFO = NO;
				SDKROOT = iphoneos;
				SWIFT_OPTIMIZATION_LEVEL = "-Owholemodule";
				VALIDATE_PRODUCT = YES;
			};
			name = Release;
		};
		506A7B9A1E1E18AE00C5A67D /* Debug */ = {
			isa = XCBuildConfiguration;
			baseConfigurationReference = BB42B1BB2A98A967C3DBD6E1 /* Pods-IntegrationWithExistingApps.debug.xcconfig */;
			buildSettings = {
				ASSETCATALOG_COMPILER_APPICON_NAME = AppIcon;
				CLANG_ENABLE_MODULES = YES;
				DEVELOPMENT_TEAM = 297S5J6Z2U;
				INFOPLIST_FILE = IntegrationWithExistingApps/Info.plist;
				LD_RUNPATH_SEARCH_PATHS = "$(inherited) @executable_path/Frameworks";
				PRODUCT_BUNDLE_IDENTIFIER = com.zlx.lyx.IntegrationWithExistingApps;
				PRODUCT_NAME = "$(TARGET_NAME)";
				SWIFT_OBJC_BRIDGING_HEADER = "IntegrationWithExistingApps/IntegrationWithExistingApps-Bridging-Header.h";
				SWIFT_OPTIMIZATION_LEVEL = "-Onone";
				SWIFT_VERSION = 3.0;
			};
			name = Debug;
		};
		506A7B9B1E1E18AE00C5A67D /* Release */ = {
			isa = XCBuildConfiguration;
			baseConfigurationReference = DE3B37C5547D218FF56A4966 /* Pods-IntegrationWithExistingApps.release.xcconfig */;
			buildSettings = {
				ASSETCATALOG_COMPILER_APPICON_NAME = AppIcon;
				CLANG_ENABLE_MODULES = YES;
				DEVELOPMENT_TEAM = 297S5J6Z2U;
				INFOPLIST_FILE = IntegrationWithExistingApps/Info.plist;
				LD_RUNPATH_SEARCH_PATHS = "$(inherited) @executable_path/Frameworks";
				PRODUCT_BUNDLE_IDENTIFIER = com.zlx.lyx.IntegrationWithExistingApps;
				PRODUCT_NAME = "$(TARGET_NAME)";
				SWIFT_OBJC_BRIDGING_HEADER = "IntegrationWithExistingApps/IntegrationWithExistingApps-Bridging-Header.h";
				SWIFT_VERSION = 3.0;
			};
			name = Release;
		};
/* End XCBuildConfiguration section */

/* Begin XCConfigurationList section */
		506A7B821E1E18AE00C5A67D /* Build configuration list for PBXProject "IntegrationWithExistingApps" */ = {
			isa = XCConfigurationList;
			buildConfigurations = (
				506A7B971E1E18AE00C5A67D /* Debug */,
				506A7B981E1E18AE00C5A67D /* Release */,
			);
			defaultConfigurationIsVisible = 0;
			defaultConfigurationName = Release;
		};
		506A7B991E1E18AE00C5A67D /* Build configuration list for PBXNativeTarget "IntegrationWithExistingApps" */ = {
			isa = XCConfigurationList;
			buildConfigurations = (
				506A7B9A1E1E18AE00C5A67D /* Debug */,
				506A7B9B1E1E18AE00C5A67D /* Release */,
			);
			defaultConfigurationIsVisible = 0;
			defaultConfigurationName = Release;
		};
/* End XCConfigurationList section */
	};
	rootObject = 506A7B7F1E1E18AE00C5A67D /* Project object */;
}
